
Microsoft Visual Studio Solution File, Format Version 12.00
# Visual Studio Version 17
VisualStudioVersion = 17.2.32630.192
MinimumVisualStudioVersion = 10.0.40219.1
Project("{FAE04EC0-301F-11D3-BF4B-00C04F79EFBC}") = "TestApp", "TestApp.csproj", "{B8DDBCCB-8D72-41AB-AA85-6EFB2C2F4377}"
EndProject
Global
	GlobalSection(SolutionConfigurationPlatforms) = preSolution
		Debug|Any CPU = Debug|Any CPU
		Release|Any CPU = Release|Any CPU
	EndGlobalSection
	GlobalSection(ProjectConfigurationPlatforms) = postSolution
		{B8DDBCCB-8D72-41AB-AA85-6EFB2C2F4377}.Debug|Any CPU.ActiveCfg = Debug|Any CPU
		{B8DDBCCB-8D72-41AB-AA85-6EFB2C2F4377}.Debug|Any CPU.Build.0 = Debug|Any CPU
		{B8DDBCCB-8D72-41AB-AA85-6EFB2C2F4377}.Release|Any CPU.ActiveCfg = Release|Any CPU
		{B8DDBCCB-8D72-41AB-AA85-6EFB2C2F4377}.Release|Any CPU.Build.0 = Release|Any CPU
	EndGlobalSection
	GlobalSection(SolutionProperties) = preSolution
		HideSolutionNode = FALSE
	EndGlobalSection
	GlobalSection(ExtensibilityGlobals) = postSolution
		SolutionGuid = {FAEAEDC0-3E76-42AA-80E2-39A20166A311}
	EndGlobalSection
EndGlobal
